
Microsoft Visual Studio Solution File, Format Version 12.00
# Visual Studio Version 17
VisualStudioVersion = 17.14.36518.9 d17.14
MinimumVisualStudioVersion = 10.0.40219.1
Project("{FAE04EC0-301F-11D3-BF4B-00C04F79EFBC}") = "Tong_Hieu", "Tong_Hieu\Tong_Hieu.csproj", "{2C3681AF-56A5-4A70-B360-CAC7178D275E}"
EndProject
Global
	GlobalSection(SolutionConfigurationPlatforms) = preSolution
		Debug|Any CPU = Debug|Any CPU
		Release|Any CPU = Release|Any CPU
	EndGlobalSection
	GlobalSection(ProjectConfigurationPlatforms) = postSolution
		{2C3681AF-56A5-4A70-B360-CAC7178D275E}.Debug|Any CPU.ActiveCfg = Debug|Any CPU
		{2C3681AF-56A5-4A70-B360-CAC7178D275E}.Debug|Any CPU.Build.0 = Debug|Any CPU
		{2C3681AF-56A5-4A70-B360-CAC7178D275E}.Release|Any CPU.ActiveCfg = Release|Any CPU
		{2C3681AF-56A5-4A70-B360-CAC7178D275E}.Release|Any CPU.Build.0 = Release|Any CPU
	EndGlobalSection
	GlobalSection(SolutionProperties) = preSolution
		HideSolutionNode = FALSE
	EndGlobalSection
	GlobalSection(ExtensibilityGlobals) = postSolution
		SolutionGuid = {59BBE214-6964-472E-B029-7A02FAA13AE9}
	EndGlobalSection
EndGlobal
