
Microsoft Visual Studio Solution File, Format Version 12.00
# Visual Studio Version 17
VisualStudioVersion = 17.14.36518.9 d17.14
MinimumVisualStudioVersion = 10.0.40219.1
Project("{FAE04EC0-301F-11D3-BF4B-00C04F79EFBC}") = "WindowsForms1", "WindowsForms1\WindowsForms1.csproj", "{B9834441-E89B-467D-BD24-01F884D06AA8}"
EndProject
Global
	GlobalSection(SolutionConfigurationPlatforms) = preSolution
		Debug|Any CPU = Debug|Any CPU
		Release|Any CPU = Release|Any CPU
	EndGlobalSection
	GlobalSection(ProjectConfigurationPlatforms) = postSolution
		{B9834441-E89B-467D-BD24-01F884D06AA8}.Debug|Any CPU.ActiveCfg = Debug|Any CPU
		{B9834441-E89B-467D-BD24-01F884D06AA8}.Debug|Any CPU.Build.0 = Debug|Any CPU
		{B9834441-E89B-467D-BD24-01F884D06AA8}.Release|Any CPU.ActiveCfg = Release|Any CPU
		{B9834441-E89B-467D-BD24-01F884D06AA8}.Release|Any CPU.Build.0 = Release|Any CPU
	EndGlobalSection
	GlobalSection(SolutionProperties) = preSolution
		HideSolutionNode = FALSE
	EndGlobalSection
	GlobalSection(ExtensibilityGlobals) = postSolution
		SolutionGuid = {28704156-1E14-4DD8-A2A7-AE9EB09A5954}
	EndGlobalSection
EndGlobal
