
Microsoft Visual Studio Solution File, Format Version 12.00
# Visual Studio Version 17
VisualStudioVersion = 17.14.36518.9 d17.14
MinimumVisualStudioVersion = 10.0.40219.1
Project("{FAE04EC0-301F-11D3-BF4B-00C04F79EFBC}") = "18-11", "18-11\18-11.csproj", "{947DADE7-6663-4664-9BD1-86BE3D48651B}"
EndProject
Global
	GlobalSection(SolutionConfigurationPlatforms) = preSolution
		Debug|Any CPU = Debug|Any CPU
		Release|Any CPU = Release|Any CPU
	EndGlobalSection
	GlobalSection(ProjectConfigurationPlatforms) = postSolution
		{947DADE7-6663-4664-9BD1-86BE3D48651B}.Debug|Any CPU.ActiveCfg = Debug|Any CPU
		{947DADE7-6663-4664-9BD1-86BE3D48651B}.Debug|Any CPU.Build.0 = Debug|Any CPU
		{947DADE7-6663-4664-9BD1-86BE3D48651B}.Release|Any CPU.ActiveCfg = Release|Any CPU
		{947DADE7-6663-4664-9BD1-86BE3D48651B}.Release|Any CPU.Build.0 = Release|Any CPU
	EndGlobalSection
	GlobalSection(SolutionProperties) = preSolution
		HideSolutionNode = FALSE
	EndGlobalSection
	GlobalSection(ExtensibilityGlobals) = postSolution
		SolutionGuid = {359759F3-AE7C-4310-A36E-E0B319374BBD}
	EndGlobalSection
EndGlobal
